<?xml version="1.0" encoding="UTF-8" standalone="yes" ?>
<CodeBlocks_project_file>
	<FileVersion major="1" minor="6" />
	<Project>
		<Option title="OFDM" />
		<Option pch_mode="2" />
		<Option compiler="gcc" />
		<Build>
			<Target title="Debug">
				<Option output="bin\Debug\OFDM" prefix_auto="1" extension_auto="1" />
				<Option object_output="obj\Debug\" />
				<Option type="1" />
				<Option compiler="gcc" />
				<Compiler>
					<Add option="-g" />
					<Add directory="F:\Projects\OFDM\include" />
				</Compiler>
				<Linker>
					<Add option="-lfftw3f" />
					<Add option="-lportaudio.dll" />
					<Add option="-lglut" />
					<Add option="-lopengl32" />
					<Add option="-lglu32" />
					<Add directory="libs" />
				</Linker>
			</Target>
			<Target title="Release">
				<Option output="bin\Release\OFDM" prefix_auto="1" extension_auto="1" />
				<Option object_output="obj\Release\" />
				<Option type="1" />
				<Option compiler="gcc" />
				<Compiler>
					<Add option="-O2" />
				</Compiler>
				<Linker>
					<Add option="-s" />
				</Linker>
			</Target>
		</Build>
		<Compiler>
			<Add option="-Wall" />
			<Add option="-fexceptions" />
		</Compiler>
		<Unit filename="include\Plotter.h" />
		<Unit filename="include\audio.h" />
		<Unit filename="include\fftw\fftw3.h" />
		<Unit filename="include\global.h" />
		<Unit filename="include\portaudio\pa_asio.h" />
		<Unit filename="include\portaudio\pa_jack.h" />
		<Unit filename="include\portaudio\pa_linux_alsa.h" />
		<Unit filename="include\portaudio\pa_mac_core.h" />
		<Unit filename="include\portaudio\pa_win_ds.h" />
		<Unit filename="include\portaudio\pa_win_wasapi.h" />
		<Unit filename="include\portaudio\pa_win_waveformat.h" />
		<Unit filename="include\portaudio\pa_win_wmme.h" />
		<Unit filename="include\portaudio\portaudio.h" />
		<Unit filename="src\Plotter.cpp" />
		<Unit filename="src\audio.cpp" />
		<Unit filename="src\main.cpp" />
		<Extensions>
			<code_completion />
			<envvars />
			<debugger />
		</Extensions>
	</Project>
</CodeBlocks_project_file>
